<?xml version="1.0" encoding="utf-8"?>
<Project ToolsVersion="4.0" xmlns="http://schemas.microsoft.com/developer/msbuild/2003">
  <ItemGroup>
    <Filter Include="Исходные файлы">
      <UniqueIdentifier>{4FC737F1-C7A5-4376-A066-2A32D752A2FF}</UniqueIdentifier>
      <Extensions>cpp;c;cc;cxx;c++;cppm;ixx;def;odl;idl;hpj;bat;asm;asmx</Extensions>
    </Filter>
    <Filter Include="Файлы заголовков">
      <UniqueIdentifier>{93995380-89BD-4b04-88EB-625FBE52EBFB}</UniqueIdentifier>
      <Extensions>h;hh;hpp;hxx;h++;hm;inl;inc;ipp;xsd</Extensions>
    </Filter>
    <Filter Include="Файлы ресурсов">
      <UniqueIdentifier>{67DA6AB6-F800-4c08-8B7A-83BB121AAD01}</UniqueIdentifier>
      <Extensions>rc;ico;cur;bmp;dlg;rc2;rct;bin;rgs;gif;jpg;jpeg;jpe;resx;tiff;tif;png;wav;mfcribbon-ms</Extensions>
    </Filter>
    <Filter Include="Lab1">
      <UniqueIdentifier>{df7db9bc-3adc-4844-b206-80b483bb69ba}</UniqueIdentifier>
    </Filter>
    <Filter Include="Lab2">
      <UniqueIdentifier>{1a444dad-50e5-46fb-af56-4d17c7479997}</UniqueIdentifier>
    </Filter>
    <Filter Include="Lab2\Exercise">
      <UniqueIdentifier>{2c4eb896-b63b-4139-9c6f-235eda9c0b5d}</UniqueIdentifier>
    </Filter>
    <Filter Include="Lab2\SupportParts">
      <UniqueIdentifier>{e269c5b1-2584-47d6-bad9-cd7d7617f77a}</UniqueIdentifier>
    </Filter>
  </ItemGroup>
  <ItemGroup>
    <ClCompile Include="MainModule.cpp">
      <Filter>Исходные файлы</Filter>
    </ClCompile>
    <ClCompile Include="DataLab1.cpp">
      <Filter>Lab1</Filter>
    </ClCompile>
    <ClCompile Include="BusinessLogicLab1.cpp">
      <Filter>Lab1</Filter>
    </ClCompile>
    <ClCompile Include="LabsManager.cpp">
      <Filter>Исходные файлы</Filter>
    </ClCompile>
    <ClCompile Include="Lab2Module.cpp">
      <Filter>Lab2</Filter>
    </ClCompile>
    <ClCompile Include="Bell.cpp">
      <Filter>Lab2\Exercise</Filter>
    </ClCompile>
    <ClCompile Include="OddEvenSeparator.cpp">
      <Filter>Lab2\Exercise</Filter>
    </ClCompile>
    <ClCompile Include="Table.cpp">
      <Filter>Lab2\Exercise</Filter>
    </ClCompile>
    <ClCompile Include="Complex.cpp">
      <Filter>Lab2\Exercise</Filter>
    </ClCompile>
    <ClCompile Include="Stock.cpp">
      <Filter>Lab2\Exercise</Filter>
    </ClCompile>
    <ClCompile Include="Box.cpp">
      <Filter>Lab2\SupportParts</Filter>
    </ClCompile>
    <ClCompile Include="StockManager.cpp">
      <Filter>Lab2\SupportParts</Filter>
    </ClCompile>
  </ItemGroup>
  <ItemGroup>
    <ClInclude Include="BusinessLogicLab1.h">
      <Filter>Lab1</Filter>
    </ClInclude>
    <ClInclude Include="DataLab1.h">
      <Filter>Lab1</Filter>
    </ClInclude>
    <ClInclude Include="LabsManager.h">
      <Filter>Файлы заголовков</Filter>
    </ClInclude>
    <ClInclude Include="Lab2Module.h">
      <Filter>Lab2</Filter>
    </ClInclude>
    <ClInclude Include="Bell.h">
      <Filter>Lab2\Exercise</Filter>
    </ClInclude>
    <ClInclude Include="OddEvenSeparator.h">
      <Filter>Lab2\Exercise</Filter>
    </ClInclude>
    <ClInclude Include="Table.h">
      <Filter>Lab2\Exercise</Filter>
    </ClInclude>
    <ClInclude Include="Complex.h">
      <Filter>Lab2\Exercise</Filter>
    </ClInclude>
    <ClInclude Include="Stock.h">
      <Filter>Lab2\Exercise</Filter>
    </ClInclude>
    <ClInclude Include="Box.h">
      <Filter>Lab2\SupportParts</Filter>
    </ClInclude>
    <ClInclude Include="StockManager.h">
      <Filter>Lab2\SupportParts</Filter>
    </ClInclude>
  </ItemGroup>
</Project>